
Microsoft Visual Studio Solution File, Format Version 12.00
# Visual Studio Version 17
VisualStudioVersion = 17.4.33213.308
MinimumVisualStudioVersion = 10.0.40219.1
Project("{FAE04EC0-301F-11D3-BF4B-00C04F79EFBC}") = "Land", "Land.csproj", "{424F6195-48E6-4CB6-AEA4-00ABE0909996}"
EndProject
Global
	GlobalSection(SolutionConfigurationPlatforms) = preSolution
		Debug|Any CPU = Debug|Any CPU
		Release|Any CPU = Release|Any CPU
	EndGlobalSection
	GlobalSection(ProjectConfigurationPlatforms) = postSolution
		{424F6195-48E6-4CB6-AEA4-00ABE0909996}.Debug|Any CPU.ActiveCfg = Debug|Any CPU
		{424F6195-48E6-4CB6-AEA4-00ABE0909996}.Debug|Any CPU.Build.0 = Debug|Any CPU
		{424F6195-48E6-4CB6-AEA4-00ABE0909996}.Release|Any CPU.ActiveCfg = Release|Any CPU
		{424F6195-48E6-4CB6-AEA4-00ABE0909996}.Release|Any CPU.Build.0 = Release|Any CPU
	EndGlobalSection
	GlobalSection(SolutionProperties) = preSolution
		HideSolutionNode = FALSE
	EndGlobalSection
	GlobalSection(ExtensibilityGlobals) = postSolution
		SolutionGuid = {2C4D8628-779B-4472-8DEF-59821B4081F5}
	EndGlobalSection
EndGlobal
